
Microsoft Visual Studio Solution File, Format Version 12.00
# Visual Studio Version 16
VisualStudioVersion = 16.0.32002.261
MinimumVisualStudioVersion = 10.0.40219.1
Project("{FAE04EC0-301F-11D3-BF4B-00C04F79EFBC}") = "OrdersManagement1", "OrdersManagement1\OrdersManagement1.csproj", "{7588978C-CE60-4948-BC13-194C4A8CFE50}"
EndProject
Global
	GlobalSection(SolutionConfigurationPlatforms) = preSolution
		Debug|Any CPU = Debug|Any CPU
		Release|Any CPU = Release|Any CPU
	EndGlobalSection
	GlobalSection(ProjectConfigurationPlatforms) = postSolution
		{7588978C-CE60-4948-BC13-194C4A8CFE50}.Debug|Any CPU.ActiveCfg = Debug|Any CPU
		{7588978C-CE60-4948-BC13-194C4A8CFE50}.Debug|Any CPU.Build.0 = Debug|Any CPU
		{7588978C-CE60-4948-BC13-194C4A8CFE50}.Release|Any CPU.ActiveCfg = Release|Any CPU
		{7588978C-CE60-4948-BC13-194C4A8CFE50}.Release|Any CPU.Build.0 = Release|Any CPU
	EndGlobalSection
	GlobalSection(SolutionProperties) = preSolution
		HideSolutionNode = FALSE
	EndGlobalSection
	GlobalSection(ExtensibilityGlobals) = postSolution
		SolutionGuid = {B4FAFD56-2B76-4CB4-B87B-A2F6DC05B8FF}
	EndGlobalSection
EndGlobal
